Microsoft Visual Studio Solution File, Format Version 12.00
# Visual Studio 14
VisualStudioVersion = 14.0.25420.1
MinimumVisualStudioVersion = 10.0.40219.1
Project("{FAE04EC0-301F-11D3-BF4B-00C04F79EFBC}") = "Jenkins", "Jenkins\Jenkins.csproj", "{D51FA690-8039-4CB3-A12B-8D7D2A548280}"
EndProject
Project("{FAE04EC0-301F-11D3-BF4B-00C04F79EFBC}") = "Jenkins.Tests", "Jenkins.Tests\Jenkins.Tests.csproj", "{9044F3DE-9ACC-4ABB-81B0-2FB582316E8C}"
EndProject
Global
	GlobalSection(SolutionConfigurationPlatforms) = preSolution
		Debug|Any CPU = Debug|Any CPU
		Release|Any CPU = Release|Any CPU
	EndGlobalSection
	GlobalSection(ProjectConfigurationPlatforms) = postSolution
		{D51FA690-8039-4CB3-A12B-8D7D2A548280}.Debug|Any CPU.ActiveCfg = Debug|Any CPU
		{D51FA690-8039-4CB3-A12B-8D7D2A548280}.Debug|Any CPU.Build.0 = Debug|Any CPU
		{D51FA690-8039-4CB3-A12B-8D7D2A548280}.Release|Any CPU.ActiveCfg = Release|Any CPU
		{D51FA690-8039-4CB3-A12B-8D7D2A548280}.Release|Any CPU.Build.0 = Release|Any CPU
		{9044F3DE-9ACC-4ABB-81B0-2FB582316E8C}.Debug|Any CPU.ActiveCfg = Debug|Any CPU
		{9044F3DE-9ACC-4ABB-81B0-2FB582316E8C}.Debug|Any CPU.Build.0 = Debug|Any CPU
		{9044F3DE-9ACC-4ABB-81B0-2FB582316E8C}.Release|Any CPU.ActiveCfg = Release|Any CPU
		{9044F3DE-9ACC-4ABB-81B0-2FB582316E8C}.Release|Any CPU.Build.0 = Release|Any CPU
	EndGlobalSection
	GlobalSection(SolutionProperties) = preSolution
		HideSolutionNode = FALSE
	EndGlobalSection
EndGlobal
